
Microsoft Visual Studio Solution File, Format Version 12.00
# Visual Studio Version 16
VisualStudioVersion = 16.0.30907.101
MinimumVisualStudioVersion = 10.0.40219.1
Project("{FAE04EC0-301F-11D3-BF4B-00C04F79EFBC}") = "DeadEye", "DeadEye.csproj", "{09AB8A73-C9D8-4FC2-A223-4C9E4799098A}"
EndProject
Global
	GlobalSection(SolutionConfigurationPlatforms) = preSolution
		Debug|x64 = Debug|x64
		Release|x64 = Release|x64
	EndGlobalSection
	GlobalSection(ProjectConfigurationPlatforms) = postSolution
		{09AB8A73-C9D8-4FC2-A223-4C9E4799098A}.Debug|x64.ActiveCfg = Debug|x64
		{09AB8A73-C9D8-4FC2-A223-4C9E4799098A}.Debug|x64.Build.0 = Debug|x64
		{09AB8A73-C9D8-4FC2-A223-4C9E4799098A}.Release|x64.ActiveCfg = Release|x64
		{09AB8A73-C9D8-4FC2-A223-4C9E4799098A}.Release|x64.Build.0 = Release|x64
	EndGlobalSection
	GlobalSection(SolutionProperties) = preSolution
		HideSolutionNode = FALSE
	EndGlobalSection
	GlobalSection(ExtensibilityGlobals) = postSolution
		SolutionGuid = {1AD56C9E-0D9B-4796-9675-06454BB561C5}
	EndGlobalSection
EndGlobal
